schema: '2.0'
stages:
  clone@0:
    cmd: git clone --depth 1 ../.. data/repos/rbtr__rbtr
    outs:
    - path: data/repos/rbtr__rbtr
      hash: md5
      md5: 9f1a17320fef5f7b400af5387181cdf1.dir
      size: 1930216
      nfiles: 239
  clone@1:
    cmd: git clone --depth 1 git@github.com:django/django.git 
      data/repos/django__django
    outs:
    - path: data/repos/django__django
      hash: md5
      md5: 649e13baa4044048993d2d8b91e99585.dir
      size: 46478942
      nfiles: 7052
  clone@2:
    cmd: git clone --depth 1 git@github.com:badlogic/pi-mono.git 
      data/repos/badlogic__pi-mono
    outs:
    - path: data/repos/badlogic__pi-mono
      hash: md5
      md5: 85a8e6b49bb11a4ce66273af3448e4ac.dir
      size: 14130784
      nfiles: 801
  clone@3:
    cmd: git clone --depth 1 git@github.com:astral-sh/uv.git 
      data/repos/astral-sh__uv
    outs:
    - path: data/repos/astral-sh__uv
      hash: md5
      md5: 153fedb337b1cc1bf0af31f897482d38.dir
      size: 27972283
      nfiles: 1316
  extract@0:
    cmd: python -m rbtr_eval extract --slug rbtr__rbtr --data-dir data/index 
      --out-dir data/per-repo --headers-dir data/headers --seed 0 
      --queries-per-cell 25
    deps:
    - path: data/.chunks-ready
      hash: md5
      md5: 7d198f0b2d76d09061120389d6a42c47
      size: 64
    - path: src/rbtr_eval/extract.py
      hash: md5
      md5: e06a156c1e7a66d0feecabd4baae070f
      size: 9642
    outs:
    - path: data/headers/rbtr__rbtr.parquet
      hash: md5
      md5: 7766472690bdb5214f9922b9cea8f011
      size: 2476
    - path: data/per-repo/rbtr__rbtr.parquet
      hash: md5
      md5: 7322e950d66c2c0e63321126c664c665
      size: 15529
  extract@1:
    cmd: python -m rbtr_eval extract --slug django__django --data-dir data/index
      --out-dir data/per-repo --headers-dir data/headers --seed 0 
      --queries-per-cell 25
    deps:
    - path: data/.chunks-ready
      hash: md5
      md5: 7d198f0b2d76d09061120389d6a42c47
      size: 64
    - path: src/rbtr_eval/extract.py
      hash: md5
      md5: e06a156c1e7a66d0feecabd4baae070f
      size: 9642
    outs:
    - path: data/headers/django__django.parquet
      hash: md5
      md5: 8bbf990cbb08695deaaf56f6c5a2e8ab
      size: 2513
    - path: data/per-repo/django__django.parquet
      hash: md5
      md5: fb077e625daef461a0785ba0ecb20c09
      size: 24711
  extract@2:
    cmd: python -m rbtr_eval extract --slug badlogic__pi-mono --data-dir 
      data/index --out-dir data/per-repo --headers-dir data/headers --seed 0 
      --queries-per-cell 25
    deps:
    - path: data/.chunks-ready
      hash: md5
      md5: 7d198f0b2d76d09061120389d6a42c47
      size: 64
    - path: src/rbtr_eval/extract.py
      hash: md5
      md5: e06a156c1e7a66d0feecabd4baae070f
      size: 9642
    outs:
    - path: data/headers/badlogic__pi-mono.parquet
      hash: md5
      md5: 0feffaad8a83864189a1787554bb5e0d
      size: 2540
    - path: data/per-repo/badlogic__pi-mono.parquet
      hash: md5
      md5: f6074138d56d466fb56014d92f13a81d
      size: 15895
  extract@3:
    cmd: python -m rbtr_eval extract --slug astral-sh__uv --data-dir data/index 
      --out-dir data/per-repo --headers-dir data/headers --seed 0 
      --queries-per-cell 25
    deps:
    - path: data/.chunks-ready
      hash: md5
      md5: 7d198f0b2d76d09061120389d6a42c47
      size: 64
    - path: src/rbtr_eval/extract.py
      hash: md5
      md5: e06a156c1e7a66d0feecabd4baae070f
      size: 9642
    outs:
    - path: data/headers/astral-sh__uv.parquet
      hash: md5
      md5: 7c295ad3983ae5ee34d417a54fd8b335
      size: 2504
    - path: data/per-repo/astral-sh__uv.parquet
      hash: md5
      md5: 3e2962ec27efa426f34965370407bb07
      size: 13886
  index:
    cmd: python -m rbtr_eval index --no-embed --data-dir data/index --config-dir
      data/config --log-dir data/logs --repos-dir data/repos --sentinel 
      data/.chunks-ready --report data/INDEX.md && uv run rumdl fmt 
      data/INDEX.md
    deps:
    - path: ../rbtr/src/rbtr
      hash: md5
      md5: 25e217d8c1c55f723e40d9617db53f09.dir
      size: 5327963
      nfiles: 520
    - path: data/rendered_config.json
      hash: md5
      md5: 0f3214bae457f7f1a051a57b17bc22c3
      size: 5219
    - path: data/repos
      hash: md5
      md5: 2a0fd0e3824d0ef578d3ae006a2b045e.dir
      size: 100765526
      nfiles: 9799
    - path: src/rbtr_eval/index_stage.py
      hash: md5
      md5: 9878e5e2bc2e43d16be2d0231738aa0b
      size: 6595
    outs:
    - path: data/.chunks-ready
      hash: md5
      md5: 7d198f0b2d76d09061120389d6a42c47
      size: 64
    - path: data/INDEX.md
      hash: md5
      md5: a1877e9d9c03cd42d803e54cfd21ae1b
      size: 2191
  measure:
    cmd: python -m rbtr_eval measure --per-repo-dir data/per-repo --concept-dir 
      data/concept --headers-dir data/headers --repos-dir data/repos --data-dir 
      data/index --config-dir data/config --log-dir data/logs --report 
      data/BENCHMARKS.md --metrics data/metrics.json --expansion-dir 
      data/expansion && uv run rumdl fmt data/BENCHMARKS.md
    deps:
    - path: ../rbtr/src/rbtr
      hash: md5
      md5: 25e217d8c1c55f723e40d9617db53f09.dir
      size: 5327963
      nfiles: 520
    - path: data/.embed-ready
      hash: md5
      md5: 2e530ac3a45a02513ef2c5ce0bcc6e87
      size: 64
    - path: data/concept
      hash: md5
      md5: 5699f6ce7a4dcafa6958b2ab6f94e0ab.dir
      size: 78044
      nfiles: 5
    - path: data/expansion
      hash: md5
      md5: 4e0dcfd4818fd5e47e99bdd1dd655e40.dir
      size: 212858
      nfiles: 2
    - path: data/headers
      hash: md5
      md5: 262db67f04b087d3fd2a3c85c6d11898.dir
      size: 12582
      nfiles: 5
    - path: data/per-repo
      hash: md5
      md5: 3b62fa8f9b50f7d38fbe7ad14842a2cb.dir
      size: 85676
      nfiles: 5
    - path: data/rendered_config.json
      hash: md5
      md5: 0f3214bae457f7f1a051a57b17bc22c3
      size: 5219
    - path: src/rbtr_eval/measure.py
      hash: md5
      md5: b760c1ba67b0d2a8dfd56f84c9295d92
      size: 30967
    - path: src/rbtr_eval/templates/benchmarks.md.j2
      hash: md5
      md5: 82f488d2c1556b4fd09b8fedf4626b17
      size: 1421
    outs:
    - path: data/BENCHMARKS.md
      hash: md5
      md5: 8f78ce25a7a09669f2e441fb1e3a965e
      size: 6615
    - path: data/metrics.json
      hash: md5
      md5: f708f601e7d4f197527f62de5247b216
      size: 299455
    - path: data/mrr_by_provenance.png
      hash: md5
      md5: 4739a1f41aa845f06929543edc86e157
      size: 72167
    - path: data/mrr_by_repo.png
      hash: md5
      md5: ae284fbbf2bb029055deb2da7432f6fd
      size: 82567
  tune:
    cmd: python -m rbtr_eval tune --per-repo-dir data/per-repo --concept-dir 
      data/concept --repos-dir data/repos --data-dir data/index --config-dir 
      data/config --log-dir data/logs --n-trials 50 --tune-queries-per-cell 10 
      --seed 0 --report data/TUNING.md && uv run rumdl fmt data/TUNING.md
    deps:
    - path: ../rbtr/src/rbtr
      hash: md5
      md5: d639476dff62ec4e3c9f057d292c54d0.dir
      size: 5267625
      nfiles: 508
    - path: data/.embed-ready
      hash: md5
      md5: 2e530ac3a45a02513ef2c5ce0bcc6e87
      size: 64
    - path: data/concept
      hash: md5
      md5: 2be0e31c4b9e23a169dd10dffb2eb60e.dir
      size: 78460
      nfiles: 5
    - path: data/per-repo
      hash: md5
      md5: ae473933f72eb7b133552f381371cf89.dir
      size: 87671
      nfiles: 5
    - path: src/rbtr_eval/tune.py
      hash: md5
      md5: d148e2382c6e77754e376d50197cd92d
      size: 22301
    outs:
    - path: data/TUNING.md
      hash: md5
      md5: 89e6e4e47cceaecfc90b3bc5f6f6c0e2
      size: 10478
    - path: data/convergence.png
      hash: md5
      md5: 21924bb87e7480f27805d150958f0f1e
      size: 339634
    - path: data/simplex.png
      hash: md5
      md5: b4cfc76805a08e09c08aa1cb2af1fefb
      size: 214412
  paraphrase@0:
    cmd: python -m rbtr_eval paraphrase --slug rbtr__rbtr --symbols 
      data/per-repo/rbtr__rbtr.parquet --repo-path data/repos/rbtr__rbtr 
      --data-dir data/index --out data/concept/rbtr__rbtr.parquet --model 
      openai-chat:zai-org/GLM-5.2 --concurrency 20
    deps:
    - path: data/.chunks-ready
      hash: md5
      md5: 7d198f0b2d76d09061120389d6a42c47
      size: 64
    - path: data/per-repo/rbtr__rbtr.parquet
      hash: md5
      md5: 7322e950d66c2c0e63321126c664c665
      size: 15529
    - path: src/rbtr_eval/paraphrase.py
      hash: md5
      md5: 6006b97501b48ebe4d5f82eaf59ac332
      size: 14063
    outs:
    - path: data/concept/rbtr__rbtr.parquet
      hash: md5
      md5: 0841cb3e26d98552963f38a04b204d9e
      size: 13851
  paraphrase@1:
    cmd: python -m rbtr_eval paraphrase --slug django__django --symbols 
      data/per-repo/django__django.parquet --repo-path data/repos/django__django
      --data-dir data/index --out data/concept/django__django.parquet --model 
      openai-chat:zai-org/GLM-5.2 --concurrency 20
    deps:
    - path: data/.chunks-ready
      hash: md5
      md5: 7d198f0b2d76d09061120389d6a42c47
      size: 64
    - path: data/per-repo/django__django.parquet
      hash: md5
      md5: fb077e625daef461a0785ba0ecb20c09
      size: 24711
    - path: src/rbtr_eval/paraphrase.py
      hash: md5
      md5: 6006b97501b48ebe4d5f82eaf59ac332
      size: 14063
    outs:
    - path: data/concept/django__django.parquet
      hash: md5
      md5: cb1d644dd844614fae3de54fcf1b3ab4
      size: 21535
  paraphrase@2:
    cmd: python -m rbtr_eval paraphrase --slug badlogic__pi-mono --symbols 
      data/per-repo/badlogic__pi-mono.parquet --repo-path 
      data/repos/badlogic__pi-mono --data-dir data/index --out 
      data/concept/badlogic__pi-mono.parquet --model openai-chat:zai-org/GLM-5.2
      --concurrency 20
    deps:
    - path: data/.chunks-ready
      hash: md5
      md5: 7d198f0b2d76d09061120389d6a42c47
      size: 64
    - path: data/per-repo/badlogic__pi-mono.parquet
      hash: md5
      md5: f6074138d56d466fb56014d92f13a81d
      size: 15895
    - path: src/rbtr_eval/paraphrase.py
      hash: md5
      md5: 6006b97501b48ebe4d5f82eaf59ac332
      size: 14063
    outs:
    - path: data/concept/badlogic__pi-mono.parquet
      hash: md5
      md5: 8527c049ae6202967cc36a41dbe8e670
      size: 14849
  paraphrase@3:
    cmd: python -m rbtr_eval paraphrase --slug astral-sh__uv --symbols 
      data/per-repo/astral-sh__uv.parquet --repo-path data/repos/astral-sh__uv 
      --data-dir data/index --out data/concept/astral-sh__uv.parquet --model 
      openai-chat:zai-org/GLM-5.2 --concurrency 20
    deps:
    - path: data/.chunks-ready
      hash: md5
      md5: 7d198f0b2d76d09061120389d6a42c47
      size: 64
    - path: data/per-repo/astral-sh__uv.parquet
      hash: md5
      md5: 3e2962ec27efa426f34965370407bb07
      size: 13886
    - path: src/rbtr_eval/paraphrase.py
      hash: md5
      md5: 6006b97501b48ebe4d5f82eaf59ac332
      size: 14063
    outs:
    - path: data/concept/astral-sh__uv.parquet
      hash: md5
      md5: dd441cc7fc07a1299395ef4e55e5bb42
      size: 13503
  clone@4:
    cmd: git clone --depth 1 https://github.com/anthropics/skills 
      data/repos/anthropics__skills
    outs:
    - path: data/repos/anthropics__skills
      hash: md5
      md5: 7069c114cae069a1f4dc28ab6f968e14.dir
      size: 10247153
      nfiles: 390
  extract@4:
    cmd: python -m rbtr_eval extract --slug anthropics__skills --data-dir 
      data/index --out-dir data/per-repo --headers-dir data/headers --seed 0 
      --queries-per-cell 25
    deps:
    - path: data/.chunks-ready
      hash: md5
      md5: 7d198f0b2d76d09061120389d6a42c47
      size: 64
    - path: src/rbtr_eval/extract.py
      hash: md5
      md5: e06a156c1e7a66d0feecabd4baae070f
      size: 9642
    outs:
    - path: data/headers/anthropics__skills.parquet
      hash: md5
      md5: 71509b47aeaed7bbd45526cb290bfd58
      size: 2549
    - path: data/per-repo/anthropics__skills.parquet
      hash: md5
      md5: b04931dd8cc73f380e6590cd2197bec9
      size: 15655
  paraphrase@4:
    cmd: python -m rbtr_eval paraphrase --slug anthropics__skills --symbols 
      data/per-repo/anthropics__skills.parquet --repo-path 
      data/repos/anthropics__skills --data-dir data/index --out 
      data/concept/anthropics__skills.parquet --model 
      openai-chat:zai-org/GLM-5.2 --concurrency 20
    deps:
    - path: data/.chunks-ready
      hash: md5
      md5: 7d198f0b2d76d09061120389d6a42c47
      size: 64
    - path: data/per-repo/anthropics__skills.parquet
      hash: md5
      md5: b04931dd8cc73f380e6590cd2197bec9
      size: 15655
    - path: src/rbtr_eval/paraphrase.py
      hash: md5
      md5: 6006b97501b48ebe4d5f82eaf59ac332
      size: 14063
    outs:
    - path: data/concept/anthropics__skills.parquet
      hash: md5
      md5: 22473907cf864a0ae32e65f736a498cd
      size: 14306
  paraphrase-report:
    cmd: python -m rbtr_eval paraphrase-report --concept-dir data/concept 
      --data-dir data/index --model openai-chat:zai-org/GLM-5.2 --report 
      data/PARAPHRASE.md && uv run rumdl fmt data/PARAPHRASE.md
    deps:
    - path: data/.chunks-ready
      hash: md5
      md5: 7d198f0b2d76d09061120389d6a42c47
      size: 64
    - path: data/concept
      hash: md5
      md5: 5699f6ce7a4dcafa6958b2ab6f94e0ab.dir
      size: 78044
      nfiles: 5
    - path: src/rbtr_eval/paraphrase.py
      hash: md5
      md5: 6006b97501b48ebe4d5f82eaf59ac332
      size: 14063
    outs:
    - path: data/PARAPHRASE.md
      hash: md5
      md5: 13a14dd2e9b0093853adbee549269b8b
      size: 6876
  embed:
    cmd: python -m rbtr_eval index --data-dir data/index --config-dir 
      data/config --log-dir data/logs --repos-dir data/repos --sentinel 
      data/.embed-ready --report data/EMBEDDING.md && uv run rumdl fmt 
      data/EMBEDDING.md
    deps:
    - path: ../rbtr/src/rbtr
      hash: md5
      md5: 25e217d8c1c55f723e40d9617db53f09.dir
      size: 5327963
      nfiles: 520
    - path: data/.chunks-ready
      hash: md5
      md5: 7d198f0b2d76d09061120389d6a42c47
      size: 64
    - path: data/rendered_config.json
      hash: md5
      md5: 0f3214bae457f7f1a051a57b17bc22c3
      size: 5219
    - path: src/rbtr_eval/index_stage.py
      hash: md5
      md5: 9878e5e2bc2e43d16be2d0231738aa0b
      size: 6595
    outs:
    - path: data/.embed-ready
      hash: md5
      md5: 2e530ac3a45a02513ef2c5ce0bcc6e87
      size: 64
    - path: data/EMBEDDING.md
      hash: md5
      md5: a9b0299b885a9da56dc1ee3870764f74
      size: 498
  tune-reranker:
    cmd: python -m rbtr_eval tune-reranker --per-repo-dir data/per-repo 
      --concept-dir data/concept --repos-dir data/repos --data-dir data/index 
      --config-dir data/config --log-dir data/logs --queries-per-cell 5 
      --pool-min 20 --pool-max 80 --pool-step 30 --blend-min 0.0 --blend-max 1.0
      --blend-steps 5 --seed 0 --report data/RERANKER_TUNING.md && uv run rumdl 
      fmt data/RERANKER_TUNING.md
    deps:
    - path: ../rbtr/src/rbtr
      hash: md5
      md5: d639476dff62ec4e3c9f057d292c54d0.dir
      size: 5267625
      nfiles: 508
    - path: data/.embed-ready
      hash: md5
      md5: 2e530ac3a45a02513ef2c5ce0bcc6e87
      size: 64
    - path: data/concept
      hash: md5
      md5: 2be0e31c4b9e23a169dd10dffb2eb60e.dir
      size: 78460
      nfiles: 5
    - path: data/per-repo
      hash: md5
      md5: ae473933f72eb7b133552f381371cf89.dir
      size: 87671
      nfiles: 5
    - path: src/rbtr_eval/tune_reranker.py
      hash: md5
      md5: d8908b0ed0fdd22631345015f1d6b634
      size: 17790
    outs:
    - path: data/RERANKER_TUNING.md
      hash: md5
      md5: f7795ffc48732409d662ba9f30360cd4
      size: 18925
  expand:
    cmd: python -m rbtr_eval expand --per-repo-dir data/per-repo --concept-dir 
      data/concept --out data/expansion/expansions.parquet --model 
      openai-chat:zai-org/GLM-5.2 --concurrency 20 --report data/EXPANSION.md &&
      uv run rumdl fmt data/EXPANSION.md
    deps:
    - path: data/concept
      hash: md5
      md5: 5699f6ce7a4dcafa6958b2ab6f94e0ab.dir
      size: 78044
      nfiles: 5
    - path: data/per-repo
      hash: md5
      md5: 3b62fa8f9b50f7d38fbe7ad14842a2cb.dir
      size: 85676
      nfiles: 5
    - path: src/rbtr_eval/expand.py
      hash: md5
      md5: b163cce28b73096cfcbeb44b3b08f78e
      size: 16506
    outs:
    - path: data/EXPANSION.md
      hash: md5
      md5: dfe7634b2eb06670bb50c2dccac6062d
      size: 7438
    - path: data/expansion/expansions.parquet
      hash: md5
      md5: 16405d3e390a89fb28577f78ea8e01e7
      size: 212838
  config:
    cmd: python -m rbtr --json --data-dir data/index --config-dir data/config 
      --log-dir data/logs config | jq 'del(.config.runtime_dir, 
      .config.daemon_rpc, .config.daemon_pub, .config.cache_dir)' > 
      data/rendered_config.json
    outs:
    - path: data/rendered_config.json
      hash: md5
      md5: 0f3214bae457f7f1a051a57b17bc22c3
      size: 5219
  profile:
    cmd: python -m rbtr_eval profile --per-repo-dir data/per-repo --concept-dir 
      data/concept --headers-dir data/headers --seed 0 --report data/DATASET.md 
      && uv run rumdl fmt data/DATASET.md
    deps:
    - path: ../rbtr/src/rbtr
      hash: md5
      md5: 1e8614895b33311f41f0b424c16a15e5.dir
      size: 5332684
      nfiles: 520
    - path: data/concept
      hash: md5
      md5: 5699f6ce7a4dcafa6958b2ab6f94e0ab.dir
      size: 78044
      nfiles: 5
    - path: data/headers
      hash: md5
      md5: 262db67f04b087d3fd2a3c85c6d11898.dir
      size: 12582
      nfiles: 5
    - path: data/per-repo
      hash: md5
      md5: 3b62fa8f9b50f7d38fbe7ad14842a2cb.dir
      size: 85676
      nfiles: 5
    - path: src/rbtr_eval/formatting.py
      hash: md5
      md5: fadd5e5c3147d3d8c02c26364bc71bde
      size: 1275
    - path: src/rbtr_eval/profile.py
      hash: md5
      md5: 5ce66aaaa03bdbfb20964e289e222eff
      size: 7207
    - path: src/rbtr_eval/queries.py
      hash: md5
      md5: 2e94b316b39fe1dbee1a6c09550d97dd
      size: 2740
    - path: src/rbtr_eval/schemas.py
      hash: md5
      md5: 281c2ad49c72f5fa02bcaf5a8ceb52eb
      size: 11398
    - path: src/rbtr_eval/templates/dataset.md.j2
      hash: md5
      md5: da2a0a619a8721b6d5aea6e1c4a88b88
      size: 1467
    outs:
    - path: data/DATASET.md
      hash: md5
      md5: 46bcc65e05eafb29258a4d7a09f8720c
      size: 5006
