schema: '2.0'
stages:
  clone@0:
    cmd: git clone --depth 1 ../.. data/repos/rbtr__rbtr
    outs:
    - path: data/repos/rbtr__rbtr
      hash: md5
      md5: 9f1a17320fef5f7b400af5387181cdf1.dir
      size: 1930216
      nfiles: 239
  clone@1:
    cmd: git clone --depth 1 git@github.com:django/django.git 
      data/repos/django__django
    outs:
    - path: data/repos/django__django
      hash: md5
      md5: 649e13baa4044048993d2d8b91e99585.dir
      size: 46478942
      nfiles: 7052
  clone@2:
    cmd: git clone --depth 1 git@github.com:badlogic/pi-mono.git 
      data/repos/badlogic__pi-mono
    outs:
    - path: data/repos/badlogic__pi-mono
      hash: md5
      md5: 85a8e6b49bb11a4ce66273af3448e4ac.dir
      size: 14130784
      nfiles: 801
  clone@3:
    cmd: git clone --depth 1 git@github.com:astral-sh/uv.git 
      data/repos/astral-sh__uv
    outs:
    - path: data/repos/astral-sh__uv
      hash: md5
      md5: 153fedb337b1cc1bf0af31f897482d38.dir
      size: 27972283
      nfiles: 1316
  extract@0:
    cmd: python -m rbtr_eval extract --slug rbtr__rbtr --data-dir data/index 
      --out-dir data/per-repo --headers-dir data/headers --seed 0 
      --queries-per-cell 10
    deps:
    - path: ../rbtr/src/rbtr
      hash: md5
      md5: 1e8614895b33311f41f0b424c16a15e5.dir
      size: 5332684
      nfiles: 520
    - path: data/.chunks-ready
      hash: md5
      md5: 3e68690f3e93ee4a1e22c1fca2142f1f
      size: 64
    - path: src/rbtr_eval/extract.py
      hash: md5
      md5: 6f25f4ed513c99e685b48cabb921630c
      size: 10504
    - path: src/rbtr_eval/kinds.py
      hash: md5
      md5: 2ce77cd1177f901dd3190b9a905a5f18
      size: 701
    - path: src/rbtr_eval/queries.py
      hash: md5
      md5: 2e94b316b39fe1dbee1a6c09550d97dd
      size: 2740
    - path: src/rbtr_eval/schemas.py
      hash: md5
      md5: 8a816f8cf61305ae137f7c3a621d5e35
      size: 10827
    outs:
    - path: data/headers/rbtr__rbtr.parquet
      hash: md5
      md5: 3562b32af670a27c4a8bb97515eacc2b
      size: 3437
    - path: data/per-repo/rbtr__rbtr.parquet
      hash: md5
      md5: 22882ef268fc76a2ac3347e3d60af461
      size: 18018
  extract@1:
    cmd: python -m rbtr_eval extract --slug django__django --data-dir data/index
      --out-dir data/per-repo --headers-dir data/headers --seed 0 
      --queries-per-cell 10
    deps:
    - path: ../rbtr/src/rbtr
      hash: md5
      md5: 1e8614895b33311f41f0b424c16a15e5.dir
      size: 5332684
      nfiles: 520
    - path: data/.chunks-ready
      hash: md5
      md5: 3e68690f3e93ee4a1e22c1fca2142f1f
      size: 64
    - path: src/rbtr_eval/extract.py
      hash: md5
      md5: 6f25f4ed513c99e685b48cabb921630c
      size: 10504
    - path: src/rbtr_eval/kinds.py
      hash: md5
      md5: 2ce77cd1177f901dd3190b9a905a5f18
      size: 701
    - path: src/rbtr_eval/queries.py
      hash: md5
      md5: 2e94b316b39fe1dbee1a6c09550d97dd
      size: 2740
    - path: src/rbtr_eval/schemas.py
      hash: md5
      md5: 8a816f8cf61305ae137f7c3a621d5e35
      size: 10827
    outs:
    - path: data/headers/django__django.parquet
      hash: md5
      md5: 98e57b09579f4040ca928d3822d52588
      size: 3428
    - path: data/per-repo/django__django.parquet
      hash: md5
      md5: 1472a65960aaf5d56930e8811e8b1231
      size: 27144
  extract@2:
    cmd: python -m rbtr_eval extract --slug badlogic__pi-mono --data-dir 
      data/index --out-dir data/per-repo --headers-dir data/headers --seed 0 
      --queries-per-cell 10
    deps:
    - path: ../rbtr/src/rbtr
      hash: md5
      md5: 1e8614895b33311f41f0b424c16a15e5.dir
      size: 5332684
      nfiles: 520
    - path: data/.chunks-ready
      hash: md5
      md5: 3e68690f3e93ee4a1e22c1fca2142f1f
      size: 64
    - path: src/rbtr_eval/extract.py
      hash: md5
      md5: 6f25f4ed513c99e685b48cabb921630c
      size: 10504
    - path: src/rbtr_eval/kinds.py
      hash: md5
      md5: 2ce77cd1177f901dd3190b9a905a5f18
      size: 701
    - path: src/rbtr_eval/queries.py
      hash: md5
      md5: 2e94b316b39fe1dbee1a6c09550d97dd
      size: 2740
    - path: src/rbtr_eval/schemas.py
      hash: md5
      md5: 8a816f8cf61305ae137f7c3a621d5e35
      size: 10827
    outs:
    - path: data/headers/badlogic__pi-mono.parquet
      hash: md5
      md5: d535a10dbd5bee67c8904f1996835624
      size: 3477
    - path: data/per-repo/badlogic__pi-mono.parquet
      hash: md5
      md5: f77806f27e5c36c3787166b33061506e
      size: 20865
  extract@3:
    cmd: python -m rbtr_eval extract --slug astral-sh__uv --data-dir data/index 
      --out-dir data/per-repo --headers-dir data/headers --seed 0 
      --queries-per-cell 10
    deps:
    - path: ../rbtr/src/rbtr
      hash: md5
      md5: 1e8614895b33311f41f0b424c16a15e5.dir
      size: 5332684
      nfiles: 520
    - path: data/.chunks-ready
      hash: md5
      md5: 3e68690f3e93ee4a1e22c1fca2142f1f
      size: 64
    - path: src/rbtr_eval/extract.py
      hash: md5
      md5: 6f25f4ed513c99e685b48cabb921630c
      size: 10504
    - path: src/rbtr_eval/kinds.py
      hash: md5
      md5: 2ce77cd1177f901dd3190b9a905a5f18
      size: 701
    - path: src/rbtr_eval/queries.py
      hash: md5
      md5: 2e94b316b39fe1dbee1a6c09550d97dd
      size: 2740
    - path: src/rbtr_eval/schemas.py
      hash: md5
      md5: 8a816f8cf61305ae137f7c3a621d5e35
      size: 10827
    outs:
    - path: data/headers/astral-sh__uv.parquet
      hash: md5
      md5: 2127f347a58147e54b5141b5864f4529
      size: 3422
    - path: data/per-repo/astral-sh__uv.parquet
      hash: md5
      md5: ed01c600b10c09bbf81188e17e685f4f
      size: 28226
  index:
    cmd: python -m rbtr_eval index --no-embed --data-dir data/index --config-dir
      data/config --log-dir data/logs --repos-dir data/repos --sentinel 
      data/.chunks-ready --report data/INDEX.md && uv run rumdl fmt 
      data/INDEX.md
    deps:
    - path: ../rbtr/src/rbtr
      hash: md5
      md5: 1e8614895b33311f41f0b424c16a15e5.dir
      size: 5332684
      nfiles: 520
    - path: data/rendered_config.json
      hash: md5
      md5: 0f3214bae457f7f1a051a57b17bc22c3
      size: 5219
    - path: data/repos
      hash: md5
      md5: 2a0fd0e3824d0ef578d3ae006a2b045e.dir
      size: 100765526
      nfiles: 9799
    - path: src/rbtr_eval/index_stage.py
      hash: md5
      md5: 9878e5e2bc2e43d16be2d0231738aa0b
      size: 6595
    - path: src/rbtr_eval/rbtr_cli.py
      hash: md5
      md5: 80abdf1439aca55113a4251c8556b023
      size: 3338
    - path: src/rbtr_eval/rbtrignore
      hash: md5
      md5: 2c867da91a8f59f365caaa1856e0b195.dir
      size: 56
      nfiles: 2
    outs:
    - path: data/.chunks-ready
      hash: md5
      md5: 3e68690f3e93ee4a1e22c1fca2142f1f
      size: 64
    - path: data/INDEX.md
      hash: md5
      md5: a63deb157a17d7a5c9ea3b2d1767787a
      size: 2191
  measure:
    cmd: python -m rbtr_eval measure --per-repo-dir data/per-repo --concept-dir 
      data/concept --headers-dir data/headers --repos-dir data/repos --data-dir 
      data/index --config-dir data/config --log-dir data/logs --report 
      data/BENCHMARKS.md --metrics data/metrics.json --expansion-dir 
      data/expansion && uv run rumdl fmt data/BENCHMARKS.md
    deps:
    - path: ../rbtr/src/rbtr
      hash: md5
      md5: 1e8614895b33311f41f0b424c16a15e5.dir
      size: 5332684
      nfiles: 520
    - path: data/.embed-ready
      hash: md5
      md5: 0e890fdb2f5b3a730baf93e33aa0146c
      size: 64
    - path: data/concept
      hash: md5
      md5: 37796f6a6185a092779b63b8a5c6dfb2.dir
      size: 100675
      nfiles: 5
    - path: data/expansion
      hash: md5
      md5: c67881f48b775e0baf690385afb22982.dir
      size: 325379
      nfiles: 2
    - path: data/headers
      hash: md5
      md5: 83779ba5041ac832529c2056190ef270.dir
      size: 17260
      nfiles: 5
    - path: data/per-repo
      hash: md5
      md5: 5031103dcd973b1e25d9397d4bcb74b6.dir
      size: 114709
      nfiles: 5
    - path: data/rendered_config.json
      hash: md5
      md5: 0f3214bae457f7f1a051a57b17bc22c3
      size: 5219
    - path: src/rbtr_eval/agg.py
      hash: md5
      md5: ae3381d15d88e242d107daa40359b0bf
      size: 1088
    - path: src/rbtr_eval/charts.py
      hash: md5
      md5: cc8d778eaa395059b5396a6e2727a54e
      size: 413
    - path: src/rbtr_eval/formatting.py
      hash: md5
      md5: fadd5e5c3147d3d8c02c26364bc71bde
      size: 1275
    - path: src/rbtr_eval/kinds.py
      hash: md5
      md5: 2ce77cd1177f901dd3190b9a905a5f18
      size: 701
    - path: src/rbtr_eval/measure.py
      hash: md5
      md5: f8ad40aebedfeef21292bdc72cf9c77c
      size: 31265
    - path: src/rbtr_eval/queries.py
      hash: md5
      md5: 2e94b316b39fe1dbee1a6c09550d97dd
      size: 2740
    - path: src/rbtr_eval/rbtr_cli.py
      hash: md5
      md5: 80abdf1439aca55113a4251c8556b023
      size: 3338
    - path: src/rbtr_eval/schemas.py
      hash: md5
      md5: 8a816f8cf61305ae137f7c3a621d5e35
      size: 10827
    - path: src/rbtr_eval/sql/truncated_chunks.sql
      hash: md5
      md5: 481961a432c16260a1036ea651a76cf2
      size: 266
    - path: src/rbtr_eval/templates/benchmarks.md.j2
      hash: md5
      md5: b96ef7b8bc2dd7f1560cba2ea60f16a4
      size: 1576
    - path: src/rbtr_eval/templates/mrr_by_kind.vl.json
      hash: md5
      md5: 985ea8d42118efed56a00f7a4f0d9d49
      size: 632
    - path: src/rbtr_eval/templates/mrr_by_provenance.vl.json
      hash: md5
      md5: 848503bf20f6c93328370d6c1b38f4b6
      size: 627
    - path: src/rbtr_eval/templates/mrr_by_repo.vl.json
      hash: md5
      md5: 1f4d9bc41af8d10594dec1c94344c3f8
      size: 603
    outs:
    - path: data/BENCHMARKS.md
      hash: md5
      md5: 3ef34c7dc844b98997dc4884c80324c2
      size: 7745
    - path: data/metrics.json
      hash: md5
      md5: 9f80dae7484c20ce1ede0cfa4347f743
      size: 603893
    - path: data/mrr_by_kind.png
      hash: md5
      md5: 71b53978ef5a6ae68fd4864815ed8ed2
      size: 93483
    - path: data/mrr_by_provenance.png
      hash: md5
      md5: 6edbcc7fda1cf870d23c019eaf94089f
      size: 71225
    - path: data/mrr_by_repo.png
      hash: md5
      md5: 5cbb0b1b8860b494340b913ef93fa7c2
      size: 81202
  tune:
    cmd: python -m rbtr_eval tune --per-repo-dir data/per-repo --concept-dir 
      data/concept --repos-dir data/repos --data-dir data/index --config-dir 
      data/config --log-dir data/logs --n-trials 50 --tune-queries-per-cell 10 
      --seed 0 --report data/TUNING.md && uv run rumdl fmt data/TUNING.md
    deps:
    - path: ../rbtr/src/rbtr
      hash: md5
      md5: 1e8614895b33311f41f0b424c16a15e5.dir
      size: 5332684
      nfiles: 520
    - path: data/.embed-ready
      hash: md5
      md5: 0e890fdb2f5b3a730baf93e33aa0146c
      size: 64
    - path: data/concept
      hash: md5
      md5: 37796f6a6185a092779b63b8a5c6dfb2.dir
      size: 100675
      nfiles: 5
    - path: data/per-repo
      hash: md5
      md5: 5031103dcd973b1e25d9397d4bcb74b6.dir
      size: 114709
      nfiles: 5
    - path: data/rendered_config.json
      hash: md5
      md5: 0f3214bae457f7f1a051a57b17bc22c3
      size: 5219
    - path: src/rbtr_eval/agg.py
      hash: md5
      md5: ae3381d15d88e242d107daa40359b0bf
      size: 1088
    - path: src/rbtr_eval/charts.py
      hash: md5
      md5: cc8d778eaa395059b5396a6e2727a54e
      size: 413
    - path: src/rbtr_eval/formatting.py
      hash: md5
      md5: fadd5e5c3147d3d8c02c26364bc71bde
      size: 1275
    - path: src/rbtr_eval/kinds.py
      hash: md5
      md5: 2ce77cd1177f901dd3190b9a905a5f18
      size: 701
    - path: src/rbtr_eval/queries.py
      hash: md5
      md5: 2e94b316b39fe1dbee1a6c09550d97dd
      size: 2740
    - path: src/rbtr_eval/rbtr_cli.py
      hash: md5
      md5: 80abdf1439aca55113a4251c8556b023
      size: 3338
    - path: src/rbtr_eval/schemas.py
      hash: md5
      md5: 8a816f8cf61305ae137f7c3a621d5e35
      size: 10827
    - path: src/rbtr_eval/templates/convergence.vl.json
      hash: md5
      md5: 4584399caa1631aac606aa32e4fef9d9
      size: 1294
    - path: src/rbtr_eval/templates/simplex.vl.json
      hash: md5
      md5: a12f9387c50c53ff43711309381086f6
      size: 1663
    - path: src/rbtr_eval/templates/tuning.md.j2
      hash: md5
      md5: d405ac3c0e42922d2c983d6fdb4eca3c
      size: 844
    - path: src/rbtr_eval/tune.py
      hash: md5
      md5: 57def7dc48e45a2a2dcb4acc52f384aa
      size: 22001
    outs:
    - path: data/TUNING.md
      hash: md5
      md5: 5bed67b4ff7c93664dea2f01036d4567
      size: 13510
    - path: data/convergence.png
      hash: md5
      md5: 49b1f9ae9aa365404b30d37c45d5c2d8
      size: 381009
    - path: data/simplex.png
      hash: md5
      md5: bd14ce1fa9584d01e1f4b1e0ff9408e8
      size: 212469
  paraphrase@0:
    cmd: python -m rbtr_eval paraphrase --slug rbtr__rbtr --symbols 
      data/per-repo/rbtr__rbtr.parquet --repo-path data/repos/rbtr__rbtr 
      --data-dir data/index --out data/concept/rbtr__rbtr.parquet --model 
      openai-chat:zai-org/GLM-5.2 --concurrency 20
    deps:
    - path: ../rbtr/src/rbtr
      hash: md5
      md5: 1e8614895b33311f41f0b424c16a15e5.dir
      size: 5332684
      nfiles: 520
    - path: data/.chunks-ready
      hash: md5
      md5: 3e68690f3e93ee4a1e22c1fca2142f1f
      size: 64
    - path: data/per-repo/rbtr__rbtr.parquet
      hash: md5
      md5: 22882ef268fc76a2ac3347e3d60af461
      size: 18018
    - path: src/rbtr_eval/formatting.py
      hash: md5
      md5: fadd5e5c3147d3d8c02c26364bc71bde
      size: 1275
    - path: src/rbtr_eval/kinds.py
      hash: md5
      md5: 2ce77cd1177f901dd3190b9a905a5f18
      size: 701
    - path: src/rbtr_eval/paraphrase.py
      hash: md5
      md5: 852fba0be16cd61c8a0795927142a6c6
      size: 14990
    - path: src/rbtr_eval/schemas.py
      hash: md5
      md5: 8a816f8cf61305ae137f7c3a621d5e35
      size: 10827
    - path: src/rbtr_eval/sql/all_chunk_content.sql
      hash: md5
      md5: feb3f17b8853486f79e3233db7eae1af
      size: 64
    outs:
    - path: data/concept/rbtr__rbtr.parquet
      hash: md5
      md5: e78a7d6496b86a8714c74123fb3dd094
      size: 16007
  paraphrase@1:
    cmd: python -m rbtr_eval paraphrase --slug django__django --symbols 
      data/per-repo/django__django.parquet --repo-path data/repos/django__django
      --data-dir data/index --out data/concept/django__django.parquet --model 
      openai-chat:zai-org/GLM-5.2 --concurrency 20
    deps:
    - path: ../rbtr/src/rbtr
      hash: md5
      md5: 1e8614895b33311f41f0b424c16a15e5.dir
      size: 5332684
      nfiles: 520
    - path: data/.chunks-ready
      hash: md5
      md5: 3e68690f3e93ee4a1e22c1fca2142f1f
      size: 64
    - path: data/per-repo/django__django.parquet
      hash: md5
      md5: 1472a65960aaf5d56930e8811e8b1231
      size: 27144
    - path: src/rbtr_eval/formatting.py
      hash: md5
      md5: fadd5e5c3147d3d8c02c26364bc71bde
      size: 1275
    - path: src/rbtr_eval/kinds.py
      hash: md5
      md5: 2ce77cd1177f901dd3190b9a905a5f18
      size: 701
    - path: src/rbtr_eval/paraphrase.py
      hash: md5
      md5: 852fba0be16cd61c8a0795927142a6c6
      size: 14990
    - path: src/rbtr_eval/schemas.py
      hash: md5
      md5: 8a816f8cf61305ae137f7c3a621d5e35
      size: 10827
    - path: src/rbtr_eval/sql/all_chunk_content.sql
      hash: md5
      md5: feb3f17b8853486f79e3233db7eae1af
      size: 64
    outs:
    - path: data/concept/django__django.parquet
      hash: md5
      md5: 9a3ff63c74695e503c74ec009af7fb41
      size: 23946
  paraphrase@2:
    cmd: python -m rbtr_eval paraphrase --slug badlogic__pi-mono --symbols 
      data/per-repo/badlogic__pi-mono.parquet --repo-path 
      data/repos/badlogic__pi-mono --data-dir data/index --out 
      data/concept/badlogic__pi-mono.parquet --model openai-chat:zai-org/GLM-5.2
      --concurrency 20
    deps:
    - path: ../rbtr/src/rbtr
      hash: md5
      md5: 1e8614895b33311f41f0b424c16a15e5.dir
      size: 5332684
      nfiles: 520
    - path: data/.chunks-ready
      hash: md5
      md5: 3e68690f3e93ee4a1e22c1fca2142f1f
      size: 64
    - path: data/per-repo/badlogic__pi-mono.parquet
      hash: md5
      md5: f77806f27e5c36c3787166b33061506e
      size: 20865
    - path: src/rbtr_eval/formatting.py
      hash: md5
      md5: fadd5e5c3147d3d8c02c26364bc71bde
      size: 1275
    - path: src/rbtr_eval/kinds.py
      hash: md5
      md5: 2ce77cd1177f901dd3190b9a905a5f18
      size: 701
    - path: src/rbtr_eval/paraphrase.py
      hash: md5
      md5: 852fba0be16cd61c8a0795927142a6c6
      size: 14990
    - path: src/rbtr_eval/schemas.py
      hash: md5
      md5: 8a816f8cf61305ae137f7c3a621d5e35
      size: 10827
    - path: src/rbtr_eval/sql/all_chunk_content.sql
      hash: md5
      md5: feb3f17b8853486f79e3233db7eae1af
      size: 64
    outs:
    - path: data/concept/badlogic__pi-mono.parquet
      hash: md5
      md5: c08a3b5becc1788ae3afc41c184f1316
      size: 18214
  paraphrase@3:
    cmd: python -m rbtr_eval paraphrase --slug astral-sh__uv --symbols 
      data/per-repo/astral-sh__uv.parquet --repo-path data/repos/astral-sh__uv 
      --data-dir data/index --out data/concept/astral-sh__uv.parquet --model 
      openai-chat:zai-org/GLM-5.2 --concurrency 20
    deps:
    - path: ../rbtr/src/rbtr
      hash: md5
      md5: 1e8614895b33311f41f0b424c16a15e5.dir
      size: 5332684
      nfiles: 520
    - path: data/.chunks-ready
      hash: md5
      md5: 3e68690f3e93ee4a1e22c1fca2142f1f
      size: 64
    - path: data/per-repo/astral-sh__uv.parquet
      hash: md5
      md5: ed01c600b10c09bbf81188e17e685f4f
      size: 28226
    - path: src/rbtr_eval/formatting.py
      hash: md5
      md5: fadd5e5c3147d3d8c02c26364bc71bde
      size: 1275
    - path: src/rbtr_eval/kinds.py
      hash: md5
      md5: 2ce77cd1177f901dd3190b9a905a5f18
      size: 701
    - path: src/rbtr_eval/paraphrase.py
      hash: md5
      md5: 852fba0be16cd61c8a0795927142a6c6
      size: 14990
    - path: src/rbtr_eval/schemas.py
      hash: md5
      md5: 8a816f8cf61305ae137f7c3a621d5e35
      size: 10827
    - path: src/rbtr_eval/sql/all_chunk_content.sql
      hash: md5
      md5: feb3f17b8853486f79e3233db7eae1af
      size: 64
    outs:
    - path: data/concept/astral-sh__uv.parquet
      hash: md5
      md5: 36dda8a8dfe7d58626259e2fec8de454
      size: 24183
  clone@4:
    cmd: git clone --depth 1 https://github.com/anthropics/skills 
      data/repos/anthropics__skills
    outs:
    - path: data/repos/anthropics__skills
      hash: md5
      md5: 7069c114cae069a1f4dc28ab6f968e14.dir
      size: 10247153
      nfiles: 390
  extract@4:
    cmd: python -m rbtr_eval extract --slug anthropics__skills --data-dir 
      data/index --out-dir data/per-repo --headers-dir data/headers --seed 0 
      --queries-per-cell 10
    deps:
    - path: ../rbtr/src/rbtr
      hash: md5
      md5: 1e8614895b33311f41f0b424c16a15e5.dir
      size: 5332684
      nfiles: 520
    - path: data/.chunks-ready
      hash: md5
      md5: 3e68690f3e93ee4a1e22c1fca2142f1f
      size: 64
    - path: src/rbtr_eval/extract.py
      hash: md5
      md5: 6f25f4ed513c99e685b48cabb921630c
      size: 10504
    - path: src/rbtr_eval/kinds.py
      hash: md5
      md5: 2ce77cd1177f901dd3190b9a905a5f18
      size: 701
    - path: src/rbtr_eval/queries.py
      hash: md5
      md5: 2e94b316b39fe1dbee1a6c09550d97dd
      size: 2740
    - path: src/rbtr_eval/schemas.py
      hash: md5
      md5: 8a816f8cf61305ae137f7c3a621d5e35
      size: 10827
    outs:
    - path: data/headers/anthropics__skills.parquet
      hash: md5
      md5: 7baf5be2552a23e884408fc891bc16e8
      size: 3496
    - path: data/per-repo/anthropics__skills.parquet
      hash: md5
      md5: 4e9112b1576bd51c855219a86a1f3b29
      size: 20456
  paraphrase@4:
    cmd: python -m rbtr_eval paraphrase --slug anthropics__skills --symbols 
      data/per-repo/anthropics__skills.parquet --repo-path 
      data/repos/anthropics__skills --data-dir data/index --out 
      data/concept/anthropics__skills.parquet --model 
      openai-chat:zai-org/GLM-5.2 --concurrency 20
    deps:
    - path: ../rbtr/src/rbtr
      hash: md5
      md5: 1e8614895b33311f41f0b424c16a15e5.dir
      size: 5332684
      nfiles: 520
    - path: data/.chunks-ready
      hash: md5
      md5: 3e68690f3e93ee4a1e22c1fca2142f1f
      size: 64
    - path: data/per-repo/anthropics__skills.parquet
      hash: md5
      md5: 4e9112b1576bd51c855219a86a1f3b29
      size: 20456
    - path: src/rbtr_eval/formatting.py
      hash: md5
      md5: fadd5e5c3147d3d8c02c26364bc71bde
      size: 1275
    - path: src/rbtr_eval/kinds.py
      hash: md5
      md5: 2ce77cd1177f901dd3190b9a905a5f18
      size: 701
    - path: src/rbtr_eval/paraphrase.py
      hash: md5
      md5: 852fba0be16cd61c8a0795927142a6c6
      size: 14990
    - path: src/rbtr_eval/schemas.py
      hash: md5
      md5: 8a816f8cf61305ae137f7c3a621d5e35
      size: 10827
    - path: src/rbtr_eval/sql/all_chunk_content.sql
      hash: md5
      md5: feb3f17b8853486f79e3233db7eae1af
      size: 64
    outs:
    - path: data/concept/anthropics__skills.parquet
      hash: md5
      md5: 01d9517b9b325692422280115ac71a29
      size: 18325
  paraphrase-report:
    cmd: python -m rbtr_eval paraphrase-report --concept-dir data/concept 
      --data-dir data/index --model openai-chat:zai-org/GLM-5.2 --report 
      data/PARAPHRASE.md && uv run rumdl fmt data/PARAPHRASE.md
    deps:
    - path: ../rbtr/src/rbtr
      hash: md5
      md5: 1e8614895b33311f41f0b424c16a15e5.dir
      size: 5332684
      nfiles: 520
    - path: data/.chunks-ready
      hash: md5
      md5: 3e68690f3e93ee4a1e22c1fca2142f1f
      size: 64
    - path: data/concept
      hash: md5
      md5: 37796f6a6185a092779b63b8a5c6dfb2.dir
      size: 100675
      nfiles: 5
    - path: src/rbtr_eval/formatting.py
      hash: md5
      md5: fadd5e5c3147d3d8c02c26364bc71bde
      size: 1275
    - path: src/rbtr_eval/kinds.py
      hash: md5
      md5: 2ce77cd1177f901dd3190b9a905a5f18
      size: 701
    - path: src/rbtr_eval/paraphrase.py
      hash: md5
      md5: 852fba0be16cd61c8a0795927142a6c6
      size: 14990
    - path: src/rbtr_eval/schemas.py
      hash: md5
      md5: 8a816f8cf61305ae137f7c3a621d5e35
      size: 10827
    - path: src/rbtr_eval/sql/all_chunk_content.sql
      hash: md5
      md5: feb3f17b8853486f79e3233db7eae1af
      size: 64
    - path: src/rbtr_eval/templates/paraphrase.md.j2
      hash: md5
      md5: 42cd2fd88c33fff672fa35baa14bf5d8
      size: 798
    outs:
    - path: data/PARAPHRASE.md
      hash: md5
      md5: ada3ff3eeec8c07d0d4874c1b3a32168
      size: 6116
  embed:
    cmd: python -m rbtr_eval index --data-dir data/index --config-dir 
      data/config --log-dir data/logs --repos-dir data/repos --sentinel 
      data/.embed-ready --report data/EMBEDDING.md && uv run rumdl fmt 
      data/EMBEDDING.md
    deps:
    - path: ../rbtr/src/rbtr
      hash: md5
      md5: 1e8614895b33311f41f0b424c16a15e5.dir
      size: 5332684
      nfiles: 520
    - path: data/.chunks-ready
      hash: md5
      md5: 3e68690f3e93ee4a1e22c1fca2142f1f
      size: 64
    - path: data/rendered_config.json
      hash: md5
      md5: 0f3214bae457f7f1a051a57b17bc22c3
      size: 5219
    - path: src/rbtr_eval/index_stage.py
      hash: md5
      md5: 9878e5e2bc2e43d16be2d0231738aa0b
      size: 6595
    - path: src/rbtr_eval/rbtr_cli.py
      hash: md5
      md5: 80abdf1439aca55113a4251c8556b023
      size: 3338
    outs:
    - path: data/.embed-ready
      hash: md5
      md5: 0e890fdb2f5b3a730baf93e33aa0146c
      size: 64
    - path: data/EMBEDDING.md
      hash: md5
      md5: a9b0299b885a9da56dc1ee3870764f74
      size: 498
  tune-reranker:
    cmd: python -m rbtr_eval tune-reranker --per-repo-dir data/per-repo 
      --concept-dir data/concept --repos-dir data/repos --data-dir data/index 
      --config-dir data/config --log-dir data/logs --queries-per-cell 5 
      --pool-min 20 --pool-max 80 --pool-step 30 --blend-min 0.0 --blend-max 1.0
      --blend-steps 5 --seed 0 --report data/RERANKER_TUNING.md && uv run rumdl 
      fmt data/RERANKER_TUNING.md
    deps:
    - path: ../rbtr/src/rbtr
      hash: md5
      md5: 1e8614895b33311f41f0b424c16a15e5.dir
      size: 5332684
      nfiles: 520
    - path: data/.embed-ready
      hash: md5
      md5: 0e890fdb2f5b3a730baf93e33aa0146c
      size: 64
    - path: data/concept
      hash: md5
      md5: 37796f6a6185a092779b63b8a5c6dfb2.dir
      size: 100675
      nfiles: 5
    - path: data/per-repo
      hash: md5
      md5: 5031103dcd973b1e25d9397d4bcb74b6.dir
      size: 114709
      nfiles: 5
    - path: data/rendered_config.json
      hash: md5
      md5: 0f3214bae457f7f1a051a57b17bc22c3
      size: 5219
    - path: src/rbtr_eval/agg.py
      hash: md5
      md5: ae3381d15d88e242d107daa40359b0bf
      size: 1088
    - path: src/rbtr_eval/formatting.py
      hash: md5
      md5: fadd5e5c3147d3d8c02c26364bc71bde
      size: 1275
    - path: src/rbtr_eval/kinds.py
      hash: md5
      md5: 2ce77cd1177f901dd3190b9a905a5f18
      size: 701
    - path: src/rbtr_eval/queries.py
      hash: md5
      md5: 2e94b316b39fe1dbee1a6c09550d97dd
      size: 2740
    - path: src/rbtr_eval/rbtr_cli.py
      hash: md5
      md5: 80abdf1439aca55113a4251c8556b023
      size: 3338
    - path: src/rbtr_eval/schemas.py
      hash: md5
      md5: 8a816f8cf61305ae137f7c3a621d5e35
      size: 10827
    - path: src/rbtr_eval/templates/reranker_tuning.md.j2
      hash: md5
      md5: 4d9ebcfd44c575833a4f79684b98ef86
      size: 1186
    - path: src/rbtr_eval/tune_reranker.py
      hash: md5
      md5: a750a70868eb2a761d4cb03ea7f6646d
      size: 18633
    outs:
    - path: data/RERANKER_TUNING.md
      hash: md5
      md5: 8e470e7107efdbd4999569ab06c61171
      size: 23547
  expand:
    cmd: python -m rbtr_eval expand --per-repo-dir data/per-repo --concept-dir 
      data/concept --out data/expansion/expansions.parquet --model 
      openai-chat:zai-org/GLM-5.2 --concurrency 20 --report data/EXPANSION.md &&
      uv run rumdl fmt data/EXPANSION.md
    deps:
    - path: ../rbtr/src/rbtr
      hash: md5
      md5: 1e8614895b33311f41f0b424c16a15e5.dir
      size: 5332684
      nfiles: 520
    - path: data/concept
      hash: md5
      md5: 37796f6a6185a092779b63b8a5c6dfb2.dir
      size: 100675
      nfiles: 5
    - path: data/per-repo
      hash: md5
      md5: 5031103dcd973b1e25d9397d4bcb74b6.dir
      size: 114709
      nfiles: 5
    - path: src/rbtr_eval/expand.py
      hash: md5
      md5: e9a70837ce27df53ee02bed5bd23946e
      size: 17293
    - path: src/rbtr_eval/formatting.py
      hash: md5
      md5: fadd5e5c3147d3d8c02c26364bc71bde
      size: 1275
    - path: src/rbtr_eval/kinds.py
      hash: md5
      md5: 2ce77cd1177f901dd3190b9a905a5f18
      size: 701
    - path: src/rbtr_eval/queries.py
      hash: md5
      md5: 2e94b316b39fe1dbee1a6c09550d97dd
      size: 2740
    - path: src/rbtr_eval/schemas.py
      hash: md5
      md5: 8a816f8cf61305ae137f7c3a621d5e35
      size: 10827
    - path: src/rbtr_eval/templates/expansion.md.j2
      hash: md5
      md5: 8e9c835771e2e109eea59abe30c4ecb4
      size: 726
    outs:
    - path: data/EXPANSION.md
      hash: md5
      md5: e1d0e7e16919d2d3b07cf352d27aca4d
      size: 7099
    - path: data/expansion/expansions.parquet
      hash: md5
      md5: ac2a660bc4e0cda63167631e8094f193
      size: 325359
  config:
    cmd: python -m rbtr --json --data-dir data/index --config-dir data/config 
      --log-dir data/logs config | jq 'del(.config.runtime_dir, 
      .config.daemon_rpc, .config.daemon_pub, .config.cache_dir)' > 
      data/rendered_config.json
    outs:
    - path: data/rendered_config.json
      hash: md5
      md5: 0f3214bae457f7f1a051a57b17bc22c3
      size: 5219
  profile:
    cmd: python -m rbtr_eval profile --per-repo-dir data/per-repo --concept-dir 
      data/concept --headers-dir data/headers --seed 0 --report data/DATASET.md 
      && uv run rumdl fmt data/DATASET.md
    deps:
    - path: ../rbtr/src/rbtr
      hash: md5
      md5: 1e8614895b33311f41f0b424c16a15e5.dir
      size: 5332684
      nfiles: 520
    - path: data/concept
      hash: md5
      md5: 37796f6a6185a092779b63b8a5c6dfb2.dir
      size: 100675
      nfiles: 5
    - path: data/headers
      hash: md5
      md5: 83779ba5041ac832529c2056190ef270.dir
      size: 17260
      nfiles: 5
    - path: data/per-repo
      hash: md5
      md5: 5031103dcd973b1e25d9397d4bcb74b6.dir
      size: 114709
      nfiles: 5
    - path: src/rbtr_eval/formatting.py
      hash: md5
      md5: fadd5e5c3147d3d8c02c26364bc71bde
      size: 1275
    - path: src/rbtr_eval/kinds.py
      hash: md5
      md5: 2ce77cd1177f901dd3190b9a905a5f18
      size: 701
    - path: src/rbtr_eval/profile.py
      hash: md5
      md5: e1a1bfdd11961590417eba47af290ef5
      size: 8108
    - path: src/rbtr_eval/queries.py
      hash: md5
      md5: 2e94b316b39fe1dbee1a6c09550d97dd
      size: 2740
    - path: src/rbtr_eval/schemas.py
      hash: md5
      md5: 8a816f8cf61305ae137f7c3a621d5e35
      size: 10827
    - path: src/rbtr_eval/templates/dataset.md.j2
      hash: md5
      md5: e2bcf68636be57ad810e9ea2e3d8946a
      size: 1664
    outs:
    - path: data/DATASET.md
      hash: md5
      md5: 78db7fa8399f73b0e08f850320368c80
      size: 6437
